
Microsoft Visual Studio Solution File, Format Version 12.00
# Visual Studio Version 16
VisualStudioVersion = 16.0.30523.141
MinimumVisualStudioVersion = 10.0.40219.1
Project("{FAE04EC0-301F-11D3-BF4B-00C04F79EFBC}") = "Interes", "Interes\Interes.csproj", "{C19DE3D4-59DF-46D3-974D-2A209A082891}"
EndProject
Global
	GlobalSection(SolutionConfigurationPlatforms) = preSolution
		Debug|Any CPU = Debug|Any CPU
		Release|Any CPU = Release|Any CPU
	EndGlobalSection
	GlobalSection(ProjectConfigurationPlatforms) = postSolution
		{C19DE3D4-59DF-46D3-974D-2A209A082891}.Debug|Any CPU.ActiveCfg = Debug|Any CPU
		{C19DE3D4-59DF-46D3-974D-2A209A082891}.Debug|Any CPU.Build.0 = Debug|Any CPU
		{C19DE3D4-59DF-46D3-974D-2A209A082891}.Release|Any CPU.ActiveCfg = Release|Any CPU
		{C19DE3D4-59DF-46D3-974D-2A209A082891}.Release|Any CPU.Build.0 = Release|Any CPU
	EndGlobalSection
	GlobalSection(SolutionProperties) = preSolution
		HideSolutionNode = FALSE
	EndGlobalSection
	GlobalSection(ExtensibilityGlobals) = postSolution
		SolutionGuid = {736C20D0-CAAE-476F-9053-3B1D640F4707}
	EndGlobalSection
EndGlobal
